
Microsoft Visual Studio Solution File, Format Version 12.00
# Visual Studio 2012
Project("{FAE04EC0-301F-11D3-BF4B-00C04F79EFBC}") = "WebApiWithGpb.Server", "WebApiWithGpb.Server\WebApiWithGpb.Server.csproj", "{76B83D35-0384-46B6-981F-2809222F3AE8}"
EndProject
Project("{FAE04EC0-301F-11D3-BF4B-00C04F79EFBC}") = "WebApiWithGpb.Client", "WebApiWithGpb.Client\WebApiWithGpb.Client.csproj", "{4EBE3D16-BDD4-4618-9B57-F17473FB68D1}"
EndProject
Project("{FAE04EC0-301F-11D3-BF4B-00C04F79EFBC}") = "WebApiWithGpb.Core", "WebApiWithGpb.Core\WebApiWithGpb.Core.csproj", "{E8983D5A-FD70-412B-ACCA-6903AA90CE67}"
EndProject
Global
	GlobalSection(SolutionConfigurationPlatforms) = preSolution
		Debug|Any CPU = Debug|Any CPU
		Release|Any CPU = Release|Any CPU
	EndGlobalSection
	GlobalSection(ProjectConfigurationPlatforms) = postSolution
		{76B83D35-0384-46B6-981F-2809222F3AE8}.Debug|Any CPU.ActiveCfg = Debug|Any CPU
		{76B83D35-0384-46B6-981F-2809222F3AE8}.Debug|Any CPU.Build.0 = Debug|Any CPU
		{76B83D35-0384-46B6-981F-2809222F3AE8}.Release|Any CPU.ActiveCfg = Release|Any CPU
		{76B83D35-0384-46B6-981F-2809222F3AE8}.Release|Any CPU.Build.0 = Release|Any CPU
		{4EBE3D16-BDD4-4618-9B57-F17473FB68D1}.Debug|Any CPU.ActiveCfg = Debug|Any CPU
		{4EBE3D16-BDD4-4618-9B57-F17473FB68D1}.Debug|Any CPU.Build.0 = Debug|Any CPU
		{4EBE3D16-BDD4-4618-9B57-F17473FB68D1}.Release|Any CPU.ActiveCfg = Release|Any CPU
		{4EBE3D16-BDD4-4618-9B57-F17473FB68D1}.Release|Any CPU.Build.0 = Release|Any CPU
		{E8983D5A-FD70-412B-ACCA-6903AA90CE67}.Debug|Any CPU.ActiveCfg = Debug|Any CPU
		{E8983D5A-FD70-412B-ACCA-6903AA90CE67}.Debug|Any CPU.Build.0 = Debug|Any CPU
		{E8983D5A-FD70-412B-ACCA-6903AA90CE67}.Release|Any CPU.ActiveCfg = Release|Any CPU
		{E8983D5A-FD70-412B-ACCA-6903AA90CE67}.Release|Any CPU.Build.0 = Release|Any CPU
	EndGlobalSection
	GlobalSection(SolutionProperties) = preSolution
		HideSolutionNode = FALSE
	EndGlobalSection
EndGlobal
